schema: '2.0'
stages:
  flats_preprocessing:
    cmd: python src/flats_preprocessing.py
    deps:
    - path: data/raw/flats.csv
      hash: md5
      md5: e9adc40d76d671ceaaea829af4e1442c
      size: 5735638
    outs:
    - path: prepared_data/flats_cleaned.csv
      hash: md5
      md5: ffc91710fc66f802e9ad57dc71498455
      size: 5159351
  house_preprocessing:
    cmd: python src/house_preprocessing.py
    deps:
    - path: data/raw/houses.csv
      hash: md5
      md5: 915cb64339543f9bd1db90c92425e07e
      size: 2004120
    outs:
    - path: prepared_data/houses_cleaned.csv
      hash: md5
      md5: b5b313fa96582a87b32a6865bff808cf
      size: 1635522
  merging_house_flats:
    cmd: python src/merging_house_flats.py
    deps:
    - path: prepared_data/flats_cleaned.csv
      hash: md5
      md5: ffc91710fc66f802e9ad57dc71498455
      size: 5159351
    - path: prepared_data/houses_cleaned.csv
      hash: md5
      md5: b5b313fa96582a87b32a6865bff808cf
      size: 1635522
    outs:
    - path: prepared_data/gurgaon_properties_merged.csv
      hash: md5
      md5: 366ee7e51d4416b52fa6b4e3c5fd14e5
      size: 6800154
  data_prepro_l2:
    cmd: python src/data_prepro_l2.py
    deps:
    - path: prepared_data/gurgaon_properties_merged.csv
      hash: md5
      md5: 366ee7e51d4416b52fa6b4e3c5fd14e5
      size: 6800154
    outs:
    - path: prepared_data/gurgaon_properties_cleaned_v1.csv
      hash: md5
      md5: 3827d14b5ac75ef19ef629160edc7a89
      size: 3823678
  feature_engineering:
    cmd: python src/feature_engineering.py
    deps:
    - path: prepared_data/gurgaon_properties_cleaned_v1.csv
      hash: md5
      md5: 3827d14b5ac75ef19ef629160edc7a89
      size: 3823678
    outs:
    - path: prepared_data/feature_engineering_post.csv
      hash: md5
      md5: 2e51538f2ff1d81b6ce3d2c15fd09840
      size: 628047
  outlier_handling:
    cmd: python src/outlier_handling.py
    deps:
    - path: prepared_data/feature_engineering_post.csv
      hash: md5
      md5: 2e51538f2ff1d81b6ce3d2c15fd09840
      size: 628047
    outs:
    - path: prepared_data/outliers_cleaned.csv
      hash: md5
      md5: fa7049370dedeff5876810a748198427
      size: 623758
  missing_value_imputation:
    cmd: python src/missing_value_imputation.py
    deps:
    - path: prepared_data/outliers_cleaned.csv
      hash: md5
      md5: fa7049370dedeff5876810a748198427
      size: 623758
    outs:
    - path: prepared_data/missing_value_imputed.csv
      hash: md5
      md5: 0b7ce858a5424da1c44301436b2d8dfe
      size: 351428
  feature_selection:
    cmd: python src/feature_selection.py
    deps:
    - path: prepared_data/missing_value_imputed.csv
      hash: md5
      md5: 0b7ce858a5424da1c44301436b2d8dfe
      size: 351428
    outs:
    - path: prepared_data/post_feature_selection.csv
      hash: md5
      md5: a215d4a74fa88ca0ae35ca869dedd9ed
      size: 264131
  model_building:
    cmd: python src/model_building.py
    deps:
    - path: prepared_data/post_feature_selection.csv
      hash: md5
      md5: a215d4a74fa88ca0ae35ca869dedd9ed
      size: 264131
    outs:
    - path: models/pipeline.pkl
      hash: md5
      md5: 7f8fac1b5f6ac9427f1518dd0030cde9
      size: 152643553
